<Solution>
  <Folder Name="/src/">
    <Project Path="src/Pos.Api/Pos.Api.csproj" />
    <Project Path="src/Pos.Core/Pos.Core.csproj" />
    <Project Path="src/Pos.Data/Pos.Data.csproj" />
  </Folder>
  <Folder Name="/tests/">
    <Project Path="tests/Pos.Api.Tests/Pos.Api.Tests.csproj" />
    <Project Path="tests/Pos.Core.Tests/Pos.Core.Tests.csproj" />
    <Project Path="tests/Pos.Data.Tests/Pos.Data.Tests.csproj" />
  </Folder>
</Solution>
